
Microsoft Visual Studio Solution File, Format Version 12.00
# Visual Studio Version 17
VisualStudioVersion = 17.7.34009.444
MinimumVisualStudioVersion = 10.0.40219.1
Project("{FAE04EC0-301F-11D3-BF4B-00C04F79EFBC}") = "Tipos Lacos", "Tipos Lacos\Tipos Lacos.csproj", "{FA9D613A-1379-479B-BA8A-C00E5A60B0FB}"
EndProject
Global
	GlobalSection(SolutionConfigurationPlatforms) = preSolution
		Debug|Any CPU = Debug|Any CPU
		Release|Any CPU = Release|Any CPU
	EndGlobalSection
	GlobalSection(ProjectConfigurationPlatforms) = postSolution
		{FA9D613A-1379-479B-BA8A-C00E5A60B0FB}.Debug|Any CPU.ActiveCfg = Debug|Any CPU
		{FA9D613A-1379-479B-BA8A-C00E5A60B0FB}.Debug|Any CPU.Build.0 = Debug|Any CPU
		{FA9D613A-1379-479B-BA8A-C00E5A60B0FB}.Release|Any CPU.ActiveCfg = Release|Any CPU
		{FA9D613A-1379-479B-BA8A-C00E5A60B0FB}.Release|Any CPU.Build.0 = Release|Any CPU
	EndGlobalSection
	GlobalSection(SolutionProperties) = preSolution
		HideSolutionNode = FALSE
	EndGlobalSection
	GlobalSection(ExtensibilityGlobals) = postSolution
		SolutionGuid = {45CBFA47-0B2B-4CE5-87D6-D561C3B4996A}
	EndGlobalSection
EndGlobal
