
Microsoft Visual Studio Solution File, Format Version 12.00
# Visual Studio Version 17
VisualStudioVersion = 17.7.34009.444
MinimumVisualStudioVersion = 10.0.40219.1
Project("{FAE04EC0-301F-11D3-BF4B-00C04F79EFBC}") = "Projeto Registradora", "Projeto Registradora\Projeto Registradora.csproj", "{BC011C81-2FB1-4505-AAF5-064DC0C02E8C}"
EndProject
Global
	GlobalSection(SolutionConfigurationPlatforms) = preSolution
		Debug|Any CPU = Debug|Any CPU
		Release|Any CPU = Release|Any CPU
	EndGlobalSection
	GlobalSection(ProjectConfigurationPlatforms) = postSolution
		{BC011C81-2FB1-4505-AAF5-064DC0C02E8C}.Debug|Any CPU.ActiveCfg = Debug|Any CPU
		{BC011C81-2FB1-4505-AAF5-064DC0C02E8C}.Debug|Any CPU.Build.0 = Debug|Any CPU
		{BC011C81-2FB1-4505-AAF5-064DC0C02E8C}.Release|Any CPU.ActiveCfg = Release|Any CPU
		{BC011C81-2FB1-4505-AAF5-064DC0C02E8C}.Release|Any CPU.Build.0 = Release|Any CPU
	EndGlobalSection
	GlobalSection(SolutionProperties) = preSolution
		HideSolutionNode = FALSE
	EndGlobalSection
	GlobalSection(ExtensibilityGlobals) = postSolution
		SolutionGuid = {E9B7D643-C685-4F44-9122-496B62371AE6}
	EndGlobalSection
EndGlobal
